
Microsoft Visual Studio Solution File, Format Version 12.00
# Visual Studio Version 17
VisualStudioVersion = 17.11.35327.3
MinimumVisualStudioVersion = 10.0.40219.1
Project("{FAE04EC0-301F-11D3-BF4B-00C04F79EFBC}") = "Artene_Teona_Raluca_Lab1", "Artene_Teona_Raluca_Lab1.csproj", "{F41EA1F8-1342-4EA1-9042-A338F86583B7}"
EndProject
Global
	GlobalSection(SolutionConfigurationPlatforms) = preSolution
		Debug|Any CPU = Debug|Any CPU
		Release|Any CPU = Release|Any CPU
	EndGlobalSection
	GlobalSection(ProjectConfigurationPlatforms) = postSolution
		{F41EA1F8-1342-4EA1-9042-A338F86583B7}.Debug|Any CPU.ActiveCfg = Debug|Any CPU
		{F41EA1F8-1342-4EA1-9042-A338F86583B7}.Debug|Any CPU.Build.0 = Debug|Any CPU
		{F41EA1F8-1342-4EA1-9042-A338F86583B7}.Release|Any CPU.ActiveCfg = Release|Any CPU
		{F41EA1F8-1342-4EA1-9042-A338F86583B7}.Release|Any CPU.Build.0 = Release|Any CPU
	EndGlobalSection
	GlobalSection(SolutionProperties) = preSolution
		HideSolutionNode = FALSE
	EndGlobalSection
	GlobalSection(ExtensibilityGlobals) = postSolution
		SolutionGuid = {0EA0ABAB-94E8-4211-8FC7-EF0F31E6D6D1}
	EndGlobalSection
EndGlobal
